
Microsoft Visual Studio Solution File, Format Version 12.00
# Visual Studio Version 17
VisualStudioVersion = 17.14.36623.8 d17.14
MinimumVisualStudioVersion = 10.0.40219.1
Project("{FAE04EC0-301F-11D3-BF4B-00C04F79EFBC}") = "WeatherApp", "WeatherApp\WeatherApp.csproj", "{79ED21B6-9309-4406-93DE-2EEACB8C307D}"
EndProject
Global
	GlobalSection(SolutionConfigurationPlatforms) = preSolution
		Debug|Any CPU = Debug|Any CPU
		Release|Any CPU = Release|Any CPU
	EndGlobalSection
	GlobalSection(ProjectConfigurationPlatforms) = postSolution
		{79ED21B6-9309-4406-93DE-2EEACB8C307D}.Debug|Any CPU.ActiveCfg = Debug|Any CPU
		{79ED21B6-9309-4406-93DE-2EEACB8C307D}.Debug|Any CPU.Build.0 = Debug|Any CPU
		{79ED21B6-9309-4406-93DE-2EEACB8C307D}.Debug|Any CPU.Deploy.0 = Debug|Any CPU
		{79ED21B6-9309-4406-93DE-2EEACB8C307D}.Release|Any CPU.ActiveCfg = Release|Any CPU
		{79ED21B6-9309-4406-93DE-2EEACB8C307D}.Release|Any CPU.Build.0 = Release|Any CPU
		{79ED21B6-9309-4406-93DE-2EEACB8C307D}.Release|Any CPU.Deploy.0 = Release|Any CPU
	EndGlobalSection
	GlobalSection(SolutionProperties) = preSolution
		HideSolutionNode = FALSE
	EndGlobalSection
	GlobalSection(ExtensibilityGlobals) = postSolution
		SolutionGuid = {9B05BB66-1E13-409A-84B9-0E82A24F0E1A}
	EndGlobalSection
EndGlobal
