
Microsoft Visual Studio Solution File, Format Version 12.00
# Visual Studio Version 17
VisualStudioVersion = 17.14.36414.22 d17.14
MinimumVisualStudioVersion = 10.0.40219.1
Project("{FAE04EC0-301F-11D3-BF4B-00C04F79EFBC}") = "A2NavroseJohal", "A2NavroseJohal\A2NavroseJohal.csproj", "{577C84B4-9CE9-49C0-9E88-92D7FFC0C600}"
EndProject
Global
	GlobalSection(SolutionConfigurationPlatforms) = preSolution
		Debug|Any CPU = Debug|Any CPU
		Release|Any CPU = Release|Any CPU
	EndGlobalSection
	GlobalSection(ProjectConfigurationPlatforms) = postSolution
		{577C84B4-9CE9-49C0-9E88-92D7FFC0C600}.Debug|Any CPU.ActiveCfg = Debug|Any CPU
		{577C84B4-9CE9-49C0-9E88-92D7FFC0C600}.Debug|Any CPU.Build.0 = Debug|Any CPU
		{577C84B4-9CE9-49C0-9E88-92D7FFC0C600}.Release|Any CPU.ActiveCfg = Release|Any CPU
		{577C84B4-9CE9-49C0-9E88-92D7FFC0C600}.Release|Any CPU.Build.0 = Release|Any CPU
	EndGlobalSection
	GlobalSection(SolutionProperties) = preSolution
		HideSolutionNode = FALSE
	EndGlobalSection
	GlobalSection(ExtensibilityGlobals) = postSolution
		SolutionGuid = {D4B2FBF4-2449-4289-ADE8-7C2180ECBABE}
	EndGlobalSection
EndGlobal
